
Microsoft Visual Studio Solution File, Format Version 12.00
# Visual Studio Version 16
VisualStudioVersion = 16.0.29009.5
MinimumVisualStudioVersion = 10.0.40219.1
Project("{FAE04EC0-301F-11D3-BF4B-00C04F79EFBC}") = "ZendeskCustom_v3", "ZendeskCustom_v3\ZendeskCustom_v3.csproj", "{ACD7D215-5602-424F-B84B-120FFDC9FA6A}"
EndProject
Global
	GlobalSection(SolutionConfigurationPlatforms) = preSolution
		Debug|Any CPU = Debug|Any CPU
		Release|Any CPU = Release|Any CPU
	EndGlobalSection
	GlobalSection(ProjectConfigurationPlatforms) = postSolution
		{ACD7D215-5602-424F-B84B-120FFDC9FA6A}.Debug|Any CPU.ActiveCfg = Debug|Any CPU
		{ACD7D215-5602-424F-B84B-120FFDC9FA6A}.Debug|Any CPU.Build.0 = Debug|Any CPU
		{ACD7D215-5602-424F-B84B-120FFDC9FA6A}.Release|Any CPU.ActiveCfg = Release|Any CPU
		{ACD7D215-5602-424F-B84B-120FFDC9FA6A}.Release|Any CPU.Build.0 = Release|Any CPU
	EndGlobalSection
	GlobalSection(SolutionProperties) = preSolution
		HideSolutionNode = FALSE
	EndGlobalSection
	GlobalSection(ExtensibilityGlobals) = postSolution
		SolutionGuid = {3128E3DF-EF57-4C68-9001-73F6EE9C09DB}
	EndGlobalSection
EndGlobal
